
Microsoft Visual Studio Solution File, Format Version 12.00
# Visual Studio Version 17
VisualStudioVersion = 17.0.31903.59
MinimumVisualStudioVersion = 10.0.40219.1
Project("{2150E333-8FDC-42A3-9474-1A3956D46DE8}") = "src", "src", "{827E0CD3-B72D-47B6-A68D-7590B98EB39B}"
EndProject
Project("{FAE04EC0-301F-11D3-BF4B-00C04F79EFBC}") = "AuthService.API", "src\AuthService.API\AuthService.API.csproj", "{CB48DC34-6DE8-4570-8DFB-A43CA99FA008}"
EndProject
Project("{FAE04EC0-301F-11D3-BF4B-00C04F79EFBC}") = "StudentService.API", "src\StudentService.API\StudentService.API.csproj", "{CBA00EAB-8F97-4D9E-BC76-CF09BD0B5470}"
EndProject
Project("{FAE04EC0-301F-11D3-BF4B-00C04F79EFBC}") = "CourseService.API", "src\CourseService.API\CourseService.API.csproj", "{D734BACC-FFA9-4C24-A677-2A5FB674D1D8}"
EndProject
Project("{FAE04EC0-301F-11D3-BF4B-00C04F79EFBC}") = "NotificationService.API", "src\NotificationService.API\NotificationService.API.csproj", "{FE1EE1D8-CD9C-4ED5-A978-933AB82D6678}"
EndProject
Project("{FAE04EC0-301F-11D3-BF4B-00C04F79EFBC}") = "ReportService.API", "src\ReportService.API\ReportService.API.csproj", "{99A30500-CD00-402B-BBDB-823A5976DC0F}"
EndProject
Project("{FAE04EC0-301F-11D3-BF4B-00C04F79EFBC}") = "GatewayService.API", "src\GatewayService.API\GatewayService.API.csproj", "{6D7C77D5-85B6-4B9C-8089-D8882E188235}"
EndProject
Project("{FAE04EC0-301F-11D3-BF4B-00C04F79EFBC}") = "AdminPortal.MVC", "src\AdminPortal.MVC\AdminPortal.MVC.csproj", "{599D629C-56C3-4EBB-BB97-64C20AE4CD33}"
EndProject
Project("{FAE04EC0-301F-11D3-BF4B-00C04F79EFBC}") = "StudentPortal.MVC", "src\StudentPortal.MVC\StudentPortal.MVC.csproj", "{5ECBA304-5DC8-4B8E-91AE-20DF82D9C183}"
EndProject
Project("{2150E333-8FDC-42A3-9474-1A3956D46DE8}") = "shared", "shared", "{4F52FD11-658E-A102-6CD3-7D7C16FFA15B}"
EndProject
Project("{FAE04EC0-301F-11D3-BF4B-00C04F79EFBC}") = "Common.Library", "shared\Common.Library\Common.Library.csproj", "{D70A9C15-B1C2-4972-AB31-D0C7BB89FB4A}"
EndProject
Global
	GlobalSection(SolutionConfigurationPlatforms) = preSolution
		Debug|Any CPU = Debug|Any CPU
		Debug|x64 = Debug|x64
		Debug|x86 = Debug|x86
		Release|Any CPU = Release|Any CPU
		Release|x64 = Release|x64
		Release|x86 = Release|x86
	EndGlobalSection
	GlobalSection(ProjectConfigurationPlatforms) = postSolution
		{CB48DC34-6DE8-4570-8DFB-A43CA99FA008}.Debug|Any CPU.ActiveCfg = Debug|Any CPU
		{CB48DC34-6DE8-4570-8DFB-A43CA99FA008}.Debug|Any CPU.Build.0 = Debug|Any CPU
		{CB48DC34-6DE8-4570-8DFB-A43CA99FA008}.Debug|x64.ActiveCfg = Debug|Any CPU
		{CB48DC34-6DE8-4570-8DFB-A43CA99FA008}.Debug|x64.Build.0 = Debug|Any CPU
		{CB48DC34-6DE8-4570-8DFB-A43CA99FA008}.Debug|x86.ActiveCfg = Debug|Any CPU
		{CB48DC34-6DE8-4570-8DFB-A43CA99FA008}.Debug|x86.Build.0 = Debug|Any CPU
		{CB48DC34-6DE8-4570-8DFB-A43CA99FA008}.Release|Any CPU.ActiveCfg = Release|Any CPU
		{CB48DC34-6DE8-4570-8DFB-A43CA99FA008}.Release|Any CPU.Build.0 = Release|Any CPU
		{CB48DC34-6DE8-4570-8DFB-A43CA99FA008}.Release|x64.ActiveCfg = Release|Any CPU
		{CB48DC34-6DE8-4570-8DFB-A43CA99FA008}.Release|x64.Build.0 = Release|Any CPU
		{CB48DC34-6DE8-4570-8DFB-A43CA99FA008}.Release|x86.ActiveCfg = Release|Any CPU
		{CB48DC34-6DE8-4570-8DFB-A43CA99FA008}.Release|x86.Build.0 = Release|Any CPU
		{CBA00EAB-8F97-4D9E-BC76-CF09BD0B5470}.Debug|Any CPU.ActiveCfg = Debug|Any CPU
		{CBA00EAB-8F97-4D9E-BC76-CF09BD0B5470}.Debug|Any CPU.Build.0 = Debug|Any CPU
		{CBA00EAB-8F97-4D9E-BC76-CF09BD0B5470}.Debug|x64.ActiveCfg = Debug|Any CPU
		{CBA00EAB-8F97-4D9E-BC76-CF09BD0B5470}.Debug|x64.Build.0 = Debug|Any CPU
		{CBA00EAB-8F97-4D9E-BC76-CF09BD0B5470}.Debug|x86.ActiveCfg = Debug|Any CPU
		{CBA00EAB-8F97-4D9E-BC76-CF09BD0B5470}.Debug|x86.Build.0 = Debug|Any CPU
		{CBA00EAB-8F97-4D9E-BC76-CF09BD0B5470}.Release|Any CPU.ActiveCfg = Release|Any CPU
		{CBA00EAB-8F97-4D9E-BC76-CF09BD0B5470}.Release|Any CPU.Build.0 = Release|Any CPU
		{CBA00EAB-8F97-4D9E-BC76-CF09BD0B5470}.Release|x64.ActiveCfg = Release|Any CPU
		{CBA00EAB-8F97-4D9E-BC76-CF09BD0B5470}.Release|x64.Build.0 = Release|Any CPU
		{CBA00EAB-8F97-4D9E-BC76-CF09BD0B5470}.Release|x86.ActiveCfg = Release|Any CPU
		{CBA00EAB-8F97-4D9E-BC76-CF09BD0B5470}.Release|x86.Build.0 = Release|Any CPU
		{D734BACC-FFA9-4C24-A677-2A5FB674D1D8}.Debug|Any CPU.ActiveCfg = Debug|Any CPU
		{D734BACC-FFA9-4C24-A677-2A5FB674D1D8}.Debug|Any CPU.Build.0 = Debug|Any CPU
		{D734BACC-FFA9-4C24-A677-2A5FB674D1D8}.Debug|x64.ActiveCfg = Debug|Any CPU
		{D734BACC-FFA9-4C24-A677-2A5FB674D1D8}.Debug|x64.Build.0 = Debug|Any CPU
		{D734BACC-FFA9-4C24-A677-2A5FB674D1D8}.Debug|x86.ActiveCfg = Debug|Any CPU
		{D734BACC-FFA9-4C24-A677-2A5FB674D1D8}.Debug|x86.Build.0 = Debug|Any CPU
		{D734BACC-FFA9-4C24-A677-2A5FB674D1D8}.Release|Any CPU.ActiveCfg = Release|Any CPU
		{D734BACC-FFA9-4C24-A677-2A5FB674D1D8}.Release|Any CPU.Build.0 = Release|Any CPU
		{D734BACC-FFA9-4C24-A677-2A5FB674D1D8}.Release|x64.ActiveCfg = Release|Any CPU
		{D734BACC-FFA9-4C24-A677-2A5FB674D1D8}.Release|x64.Build.0 = Release|Any CPU
		{D734BACC-FFA9-4C24-A677-2A5FB674D1D8}.Release|x86.ActiveCfg = Release|Any CPU
		{D734BACC-FFA9-4C24-A677-2A5FB674D1D8}.Release|x86.Build.0 = Release|Any CPU
		{FE1EE1D8-CD9C-4ED5-A978-933AB82D6678}.Debug|Any CPU.ActiveCfg = Debug|Any CPU
		{FE1EE1D8-CD9C-4ED5-A978-933AB82D6678}.Debug|Any CPU.Build.0 = Debug|Any CPU
		{FE1EE1D8-CD9C-4ED5-A978-933AB82D6678}.Debug|x64.ActiveCfg = Debug|Any CPU
		{FE1EE1D8-CD9C-4ED5-A978-933AB82D6678}.Debug|x64.Build.0 = Debug|Any CPU
		{FE1EE1D8-CD9C-4ED5-A978-933AB82D6678}.Debug|x86.ActiveCfg = Debug|Any CPU
		{FE1EE1D8-CD9C-4ED5-A978-933AB82D6678}.Debug|x86.Build.0 = Debug|Any CPU
		{FE1EE1D8-CD9C-4ED5-A978-933AB82D6678}.Release|Any CPU.ActiveCfg = Release|Any CPU
		{FE1EE1D8-CD9C-4ED5-A978-933AB82D6678}.Release|Any CPU.Build.0 = Release|Any CPU
		{FE1EE1D8-CD9C-4ED5-A978-933AB82D6678}.Release|x64.ActiveCfg = Release|Any CPU
		{FE1EE1D8-CD9C-4ED5-A978-933AB82D6678}.Release|x64.Build.0 = Release|Any CPU
		{FE1EE1D8-CD9C-4ED5-A978-933AB82D6678}.Release|x86.ActiveCfg = Release|Any CPU
		{FE1EE1D8-CD9C-4ED5-A978-933AB82D6678}.Release|x86.Build.0 = Release|Any CPU
		{99A30500-CD00-402B-BBDB-823A5976DC0F}.Debug|Any CPU.ActiveCfg = Debug|Any CPU
		{99A30500-CD00-402B-BBDB-823A5976DC0F}.Debug|Any CPU.Build.0 = Debug|Any CPU
		{99A30500-CD00-402B-BBDB-823A5976DC0F}.Debug|x64.ActiveCfg = Debug|Any CPU
		{99A30500-CD00-402B-BBDB-823A5976DC0F}.Debug|x64.Build.0 = Debug|Any CPU
		{99A30500-CD00-402B-BBDB-823A5976DC0F}.Debug|x86.ActiveCfg = Debug|Any CPU
		{99A30500-CD00-402B-BBDB-823A5976DC0F}.Debug|x86.Build.0 = Debug|Any CPU
		{99A30500-CD00-402B-BBDB-823A5976DC0F}.Release|Any CPU.ActiveCfg = Release|Any CPU
		{99A30500-CD00-402B-BBDB-823A5976DC0F}.Release|Any CPU.Build.0 = Release|Any CPU
		{99A30500-CD00-402B-BBDB-823A5976DC0F}.Release|x64.ActiveCfg = Release|Any CPU
		{99A30500-CD00-402B-BBDB-823A5976DC0F}.Release|x64.Build.0 = Release|Any CPU
		{99A30500-CD00-402B-BBDB-823A5976DC0F}.Release|x86.ActiveCfg = Release|Any CPU
		{99A30500-CD00-402B-BBDB-823A5976DC0F}.Release|x86.Build.0 = Release|Any CPU
		{6D7C77D5-85B6-4B9C-8089-D8882E188235}.Debug|Any CPU.ActiveCfg = Debug|Any CPU
		{6D7C77D5-85B6-4B9C-8089-D8882E188235}.Debug|Any CPU.Build.0 = Debug|Any CPU
		{6D7C77D5-85B6-4B9C-8089-D8882E188235}.Debug|x64.ActiveCfg = Debug|Any CPU
		{6D7C77D5-85B6-4B9C-8089-D8882E188235}.Debug|x64.Build.0 = Debug|Any CPU
		{6D7C77D5-85B6-4B9C-8089-D8882E188235}.Debug|x86.ActiveCfg = Debug|Any CPU
		{6D7C77D5-85B6-4B9C-8089-D8882E188235}.Debug|x86.Build.0 = Debug|Any CPU
		{6D7C77D5-85B6-4B9C-8089-D8882E188235}.Release|Any CPU.ActiveCfg = Release|Any CPU
		{6D7C77D5-85B6-4B9C-8089-D8882E188235}.Release|Any CPU.Build.0 = Release|Any CPU
		{6D7C77D5-85B6-4B9C-8089-D8882E188235}.Release|x64.ActiveCfg = Release|Any CPU
		{6D7C77D5-85B6-4B9C-8089-D8882E188235}.Release|x64.Build.0 = Release|Any CPU
		{6D7C77D5-85B6-4B9C-8089-D8882E188235}.Release|x86.ActiveCfg = Release|Any CPU
		{6D7C77D5-85B6-4B9C-8089-D8882E188235}.Release|x86.Build.0 = Release|Any CPU
		{599D629C-56C3-4EBB-BB97-64C20AE4CD33}.Debug|Any CPU.ActiveCfg = Debug|Any CPU
		{599D629C-56C3-4EBB-BB97-64C20AE4CD33}.Debug|Any CPU.Build.0 = Debug|Any CPU
		{599D629C-56C3-4EBB-BB97-64C20AE4CD33}.Debug|x64.ActiveCfg = Debug|Any CPU
		{599D629C-56C3-4EBB-BB97-64C20AE4CD33}.Debug|x64.Build.0 = Debug|Any CPU
		{599D629C-56C3-4EBB-BB97-64C20AE4CD33}.Debug|x86.ActiveCfg = Debug|Any CPU
		{599D629C-56C3-4EBB-BB97-64C20AE4CD33}.Debug|x86.Build.0 = Debug|Any CPU
		{599D629C-56C3-4EBB-BB97-64C20AE4CD33}.Release|Any CPU.ActiveCfg = Release|Any CPU
		{599D629C-56C3-4EBB-BB97-64C20AE4CD33}.Release|Any CPU.Build.0 = Release|Any CPU
		{599D629C-56C3-4EBB-BB97-64C20AE4CD33}.Release|x64.ActiveCfg = Release|Any CPU
		{599D629C-56C3-4EBB-BB97-64C20AE4CD33}.Release|x64.Build.0 = Release|Any CPU
		{599D629C-56C3-4EBB-BB97-64C20AE4CD33}.Release|x86.ActiveCfg = Release|Any CPU
		{599D629C-56C3-4EBB-BB97-64C20AE4CD33}.Release|x86.Build.0 = Release|Any CPU
		{5ECBA304-5DC8-4B8E-91AE-20DF82D9C183}.Debug|Any CPU.ActiveCfg = Debug|Any CPU
		{5ECBA304-5DC8-4B8E-91AE-20DF82D9C183}.Debug|Any CPU.Build.0 = Debug|Any CPU
		{5ECBA304-5DC8-4B8E-91AE-20DF82D9C183}.Debug|x64.ActiveCfg = Debug|Any CPU
		{5ECBA304-5DC8-4B8E-91AE-20DF82D9C183}.Debug|x64.Build.0 = Debug|Any CPU
		{5ECBA304-5DC8-4B8E-91AE-20DF82D9C183}.Debug|x86.ActiveCfg = Debug|Any CPU
		{5ECBA304-5DC8-4B8E-91AE-20DF82D9C183}.Debug|x86.Build.0 = Debug|Any CPU
		{5ECBA304-5DC8-4B8E-91AE-20DF82D9C183}.Release|Any CPU.ActiveCfg = Release|Any CPU
		{5ECBA304-5DC8-4B8E-91AE-20DF82D9C183}.Release|Any CPU.Build.0 = Release|Any CPU
		{5ECBA304-5DC8-4B8E-91AE-20DF82D9C183}.Release|x64.ActiveCfg = Release|Any CPU
		{5ECBA304-5DC8-4B8E-91AE-20DF82D9C183}.Release|x64.Build.0 = Release|Any CPU
		{5ECBA304-5DC8-4B8E-91AE-20DF82D9C183}.Release|x86.ActiveCfg = Release|Any CPU
		{5ECBA304-5DC8-4B8E-91AE-20DF82D9C183}.Release|x86.Build.0 = Release|Any CPU
		{D70A9C15-B1C2-4972-AB31-D0C7BB89FB4A}.Debug|Any CPU.ActiveCfg = Debug|Any CPU
		{D70A9C15-B1C2-4972-AB31-D0C7BB89FB4A}.Debug|Any CPU.Build.0 = Debug|Any CPU
		{D70A9C15-B1C2-4972-AB31-D0C7BB89FB4A}.Debug|x64.ActiveCfg = Debug|Any CPU
		{D70A9C15-B1C2-4972-AB31-D0C7BB89FB4A}.Debug|x64.Build.0 = Debug|Any CPU
		{D70A9C15-B1C2-4972-AB31-D0C7BB89FB4A}.Debug|x86.ActiveCfg = Debug|Any CPU
		{D70A9C15-B1C2-4972-AB31-D0C7BB89FB4A}.Debug|x86.Build.0 = Debug|Any CPU
		{D70A9C15-B1C2-4972-AB31-D0C7BB89FB4A}.Release|Any CPU.ActiveCfg = Release|Any CPU
		{D70A9C15-B1C2-4972-AB31-D0C7BB89FB4A}.Release|Any CPU.Build.0 = Release|Any CPU
		{D70A9C15-B1C2-4972-AB31-D0C7BB89FB4A}.Release|x64.ActiveCfg = Release|Any CPU
		{D70A9C15-B1C2-4972-AB31-D0C7BB89FB4A}.Release|x64.Build.0 = Release|Any CPU
		{D70A9C15-B1C2-4972-AB31-D0C7BB89FB4A}.Release|x86.ActiveCfg = Release|Any CPU
		{D70A9C15-B1C2-4972-AB31-D0C7BB89FB4A}.Release|x86.Build.0 = Release|Any CPU
	EndGlobalSection
	GlobalSection(SolutionProperties) = preSolution
		HideSolutionNode = FALSE
	EndGlobalSection
	GlobalSection(NestedProjects) = preSolution
		{CB48DC34-6DE8-4570-8DFB-A43CA99FA008} = {827E0CD3-B72D-47B6-A68D-7590B98EB39B}
		{CBA00EAB-8F97-4D9E-BC76-CF09BD0B5470} = {827E0CD3-B72D-47B6-A68D-7590B98EB39B}
		{D734BACC-FFA9-4C24-A677-2A5FB674D1D8} = {827E0CD3-B72D-47B6-A68D-7590B98EB39B}
		{FE1EE1D8-CD9C-4ED5-A978-933AB82D6678} = {827E0CD3-B72D-47B6-A68D-7590B98EB39B}
		{99A30500-CD00-402B-BBDB-823A5976DC0F} = {827E0CD3-B72D-47B6-A68D-7590B98EB39B}
		{6D7C77D5-85B6-4B9C-8089-D8882E188235} = {827E0CD3-B72D-47B6-A68D-7590B98EB39B}
		{599D629C-56C3-4EBB-BB97-64C20AE4CD33} = {827E0CD3-B72D-47B6-A68D-7590B98EB39B}
		{5ECBA304-5DC8-4B8E-91AE-20DF82D9C183} = {827E0CD3-B72D-47B6-A68D-7590B98EB39B}
		{D70A9C15-B1C2-4972-AB31-D0C7BB89FB4A} = {4F52FD11-658E-A102-6CD3-7D7C16FFA15B}
	EndGlobalSection
EndGlobal
